
Microsoft Visual Studio Solution File, Format Version 12.00
# Visual Studio Version 16
VisualStudioVersion = 16.0.31729.503
MinimumVisualStudioVersion = 10.0.40219.1
Project("{FAE04EC0-301F-11D3-BF4B-00C04F79EFBC}") = "Bai02", "Bai02\Bai02.csproj", "{26FD6C74-1977-4654-920D-5EECF8E3FE57}"
EndProject
Global
	GlobalSection(SolutionConfigurationPlatforms) = preSolution
		Debug|Any CPU = Debug|Any CPU
		Release|Any CPU = Release|Any CPU
	EndGlobalSection
	GlobalSection(ProjectConfigurationPlatforms) = postSolution
		{26FD6C74-1977-4654-920D-5EECF8E3FE57}.Debug|Any CPU.ActiveCfg = Debug|Any CPU
		{26FD6C74-1977-4654-920D-5EECF8E3FE57}.Debug|Any CPU.Build.0 = Debug|Any CPU
		{26FD6C74-1977-4654-920D-5EECF8E3FE57}.Release|Any CPU.ActiveCfg = Release|Any CPU
		{26FD6C74-1977-4654-920D-5EECF8E3FE57}.Release|Any CPU.Build.0 = Release|Any CPU
	EndGlobalSection
	GlobalSection(SolutionProperties) = preSolution
		HideSolutionNode = FALSE
	EndGlobalSection
	GlobalSection(ExtensibilityGlobals) = postSolution
		SolutionGuid = {29742FE7-28D3-4A60-A71B-FDE2ABFC0B1C}
	EndGlobalSection
EndGlobal
