
Microsoft Visual Studio Solution File, Format Version 12.00
# Visual Studio 15
VisualStudioVersion = 15.0.28010.2041
MinimumVisualStudioVersion = 10.0.40219.1
Project("{FAE04EC0-301F-11D3-BF4B-00C04F79EFBC}") = "BaiTapThucHanh", "BaiTapThucHanh\BaiTapThucHanh.csproj", "{5225EC15-8814-44FB-9872-0AE1C11224AF}"
EndProject
Global
	GlobalSection(SolutionConfigurationPlatforms) = preSolution
		Debug|Any CPU = Debug|Any CPU
		Release|Any CPU = Release|Any CPU
	EndGlobalSection
	GlobalSection(ProjectConfigurationPlatforms) = postSolution
		{5225EC15-8814-44FB-9872-0AE1C11224AF}.Debug|Any CPU.ActiveCfg = Debug|Any CPU
		{5225EC15-8814-44FB-9872-0AE1C11224AF}.Debug|Any CPU.Build.0 = Debug|Any CPU
		{5225EC15-8814-44FB-9872-0AE1C11224AF}.Release|Any CPU.ActiveCfg = Release|Any CPU
		{5225EC15-8814-44FB-9872-0AE1C11224AF}.Release|Any CPU.Build.0 = Release|Any CPU
	EndGlobalSection
	GlobalSection(SolutionProperties) = preSolution
		HideSolutionNode = FALSE
	EndGlobalSection
	GlobalSection(ExtensibilityGlobals) = postSolution
		SolutionGuid = {2092B501-0730-49D2-84AF-0A529A6C3180}
	EndGlobalSection
EndGlobal
