
Microsoft Visual Studio Solution File, Format Version 12.00
# Visual Studio Version 16
VisualStudioVersion = 16.0.31702.278
MinimumVisualStudioVersion = 10.0.40219.1
Project("{FAE04EC0-301F-11D3-BF4B-00C04F79EFBC}") = "Bai11", "Bai11.csproj", "{A3FA3583-9E0D-494B-89D7-9B6E16616C13}"
EndProject
Global
	GlobalSection(SolutionConfigurationPlatforms) = preSolution
		Debug|Any CPU = Debug|Any CPU
		Release|Any CPU = Release|Any CPU
	EndGlobalSection
	GlobalSection(ProjectConfigurationPlatforms) = postSolution
		{A3FA3583-9E0D-494B-89D7-9B6E16616C13}.Debug|Any CPU.ActiveCfg = Debug|Any CPU
		{A3FA3583-9E0D-494B-89D7-9B6E16616C13}.Debug|Any CPU.Build.0 = Debug|Any CPU
		{A3FA3583-9E0D-494B-89D7-9B6E16616C13}.Release|Any CPU.ActiveCfg = Release|Any CPU
		{A3FA3583-9E0D-494B-89D7-9B6E16616C13}.Release|Any CPU.Build.0 = Release|Any CPU
	EndGlobalSection
	GlobalSection(SolutionProperties) = preSolution
		HideSolutionNode = FALSE
	EndGlobalSection
	GlobalSection(ExtensibilityGlobals) = postSolution
		SolutionGuid = {F925F582-8771-4CD7-B129-9EB6703920D8}
	EndGlobalSection
EndGlobal
