
Microsoft Visual Studio Solution File, Format Version 12.00
# Visual Studio Version 16
VisualStudioVersion = 16.0.31729.503
MinimumVisualStudioVersion = 10.0.40219.1
Project("{FAE04EC0-301F-11D3-BF4B-00C04F79EFBC}") = "Bai01", "Bai01\Bai01.csproj", "{3C65E956-1330-4286-84B1-8534F7A29BB1}"
EndProject
Global
	GlobalSection(SolutionConfigurationPlatforms) = preSolution
		Debug|Any CPU = Debug|Any CPU
		Release|Any CPU = Release|Any CPU
	EndGlobalSection
	GlobalSection(ProjectConfigurationPlatforms) = postSolution
		{3C65E956-1330-4286-84B1-8534F7A29BB1}.Debug|Any CPU.ActiveCfg = Debug|Any CPU
		{3C65E956-1330-4286-84B1-8534F7A29BB1}.Debug|Any CPU.Build.0 = Debug|Any CPU
		{3C65E956-1330-4286-84B1-8534F7A29BB1}.Release|Any CPU.ActiveCfg = Release|Any CPU
		{3C65E956-1330-4286-84B1-8534F7A29BB1}.Release|Any CPU.Build.0 = Release|Any CPU
	EndGlobalSection
	GlobalSection(SolutionProperties) = preSolution
		HideSolutionNode = FALSE
	EndGlobalSection
	GlobalSection(ExtensibilityGlobals) = postSolution
		SolutionGuid = {CD609C7B-E2E7-44C4-8CCD-4F3B0738FA3D}
	EndGlobalSection
EndGlobal
